{
  "name": "test",
  "version": "1.0.0",
  "lockfileVersion": 3,
  "requires": true,
  "packages": {
    "": {
      "name": "test",
      "version": "1.0.0",
      "license": "ISC",
      "dependencies": {
        "@types/node": "^22.13.10",
        "triggerware": "file:../triggerware",
        "typescript": "^5.8.2"
      }
    },
    "../jsonrpc": {
      "version": "1.0.0",
      "extraneous": true,
      "license": "ISC",
      "dependencies": {
        "@types/node": "^22.13.4",
        "class-transformer": "^0.5.1",
        "reflect-metadata": "^0.2.2"
      },
      "devDependencies": {
        "typescript": "^5.7.3"
      }
    },
    "../triggerware": {
      "version": "1.0.0",
      "license": "ISC",
      "dependencies": {
        "@types/node": "^22.13.4",
        "class-transformer": "^0.5.1",
        "jsonrpc": "file:../jsonrpc",
        "reflect-metadata": "^0.2.2"
      },
      "devDependencies": {
        "typescript": "^5.7.3"
      }
    },
    "node_modules/@types/node": {
      "version": "22.13.10",
      "license": "MIT",
      "dependencies": {
        "undici-types": "~6.20.0"
      }
    },
    "node_modules/triggerware": {
      "resolved": "../triggerware",
      "link": true
    },
    "node_modules/typescript": {
      "version": "5.8.2",
      "license": "Apache-2.0",
      "bin": {
        "tsc": "bin/tsc",
        "tsserver": "bin/tsserver"
      },
      "engines": {
        "node": ">=14.17"
      }
    },
    "node_modules/undici-types": {
      "version": "6.20.0",
      "license": "MIT"
    }
  }
}
