{
  "name": "triggerware",
  "version": "1.0.0",
  "lockfileVersion": 3,
  "requires": true,
  "packages": {
    "": {
      "name": "triggerware",
      "version": "1.0.0",
      "license": "ISC",
      "dependencies": {
        "@types/node": "^22.13.4",
        "jsonrpc": "file:../jsonrpc"
      },
      "devDependencies": {
        "typescript": "^5.7.3"
      }
    },
    "../jsonrpc": {
      "version": "1.0.0",
      "license": "ISC",
      "dependencies": {
        "@types/node": "^22.13.4",
        "@types/stream-chain": "^2.1.0",
        "@types/stream-json": "^1.7.8",
        "class-transformer": "^0.5.1",
        "reflect-metadata": "^0.2.2",
        "stream-chain": "^3.4.0",
        "stream-json": "^1.9.1"
      },
      "devDependencies": {
        "typescript": "^5.7.3"
      }
    },
    "../jsonrpc/node_modules/@types/node": {
      "version": "22.13.4",
      "license": "MIT",
      "dependencies": {
        "undici-types": "~6.20.0"
      }
    },
    "../jsonrpc/node_modules/class-transformer": {
      "version": "0.5.1",
      "license": "MIT"
    },
    "../jsonrpc/node_modules/reflect-metadata": {
      "version": "0.2.2",
      "license": "Apache-2.0"
    },
    "../jsonrpc/node_modules/typescript": {
      "version": "5.7.3",
      "dev": true,
      "license": "Apache-2.0",
      "bin": {
        "tsc": "bin/tsc",
        "tsserver": "bin/tsserver"
      },
      "engines": {
        "node": ">=14.17"
      }
    },
    "../jsonrpc/node_modules/undici-types": {
      "version": "6.20.0",
      "license": "MIT"
    },
    "node_modules/@types/node": {
      "version": "22.13.10",
      "license": "MIT",
      "dependencies": {
        "undici-types": "~6.20.0"
      }
    },
    "node_modules/jsonrpc": {
      "resolved": "../jsonrpc",
      "link": true
    },
    "node_modules/typescript": {
      "version": "5.8.2",
      "dev": true,
      "license": "Apache-2.0",
      "bin": {
        "tsc": "bin/tsc",
        "tsserver": "bin/tsserver"
      },
      "engines": {
        "node": ">=14.17"
      }
    },
    "node_modules/undici-types": {
      "version": "6.20.0",
      "license": "MIT"
    }
  }
}
